
Microsoft Visual Studio Solution File, Format Version 12.00
# Visual Studio 15
VisualStudioVersion = 15.0.28307.539
MinimumVisualStudioVersion = 10.0.40219.1
Project("{FAE04EC0-301F-11D3-BF4B-00C04F79EFBC}") = "WAF.Tools", "WAF.Tools\WAF.Tools.csproj", "{B1569B7A-66B1-44BD-8600-3A51945879F8}"
EndProject
Project("{FAE04EC0-301F-11D3-BF4B-00C04F79EFBC}") = "WAF.UI", "WAF.UI\WAF.UI.csproj", "{4735D3F2-9C75-4066-828C-EC8C24C9DB67}"
EndProject
Global
	GlobalSection(SolutionConfigurationPlatforms) = preSolution
		Debug|Any CPU = Debug|Any CPU
		Release|Any CPU = Release|Any CPU
	EndGlobalSection
	GlobalSection(ProjectConfigurationPlatforms) = postSolution
		{B1569B7A-66B1-44BD-8600-3A51945879F8}.Debug|Any CPU.ActiveCfg = Debug|Any CPU
		{B1569B7A-66B1-44BD-8600-3A51945879F8}.Debug|Any CPU.Build.0 = Debug|Any CPU
		{B1569B7A-66B1-44BD-8600-3A51945879F8}.Release|Any CPU.ActiveCfg = Release|Any CPU
		{B1569B7A-66B1-44BD-8600-3A51945879F8}.Release|Any CPU.Build.0 = Release|Any CPU
		{4735D3F2-9C75-4066-828C-EC8C24C9DB67}.Debug|Any CPU.ActiveCfg = Debug|Any CPU
		{4735D3F2-9C75-4066-828C-EC8C24C9DB67}.Debug|Any CPU.Build.0 = Debug|Any CPU
		{4735D3F2-9C75-4066-828C-EC8C24C9DB67}.Release|Any CPU.ActiveCfg = Release|Any CPU
		{4735D3F2-9C75-4066-828C-EC8C24C9DB67}.Release|Any CPU.Build.0 = Release|Any CPU
	EndGlobalSection
	GlobalSection(SolutionProperties) = preSolution
		HideSolutionNode = FALSE
	EndGlobalSection
	GlobalSection(ExtensibilityGlobals) = postSolution
		SolutionGuid = {05943ADD-94B5-4E02-839C-38BCAD14E12A}
	EndGlobalSection
EndGlobal
